# THIS IS AN AUTOGENERATED FILE. DO NOT EDIT THIS FILE DIRECTLY.
# yarn lockfile v1


"@firebase/app@^0.9.4":
  version "0.9.4"
  resolved "https://registry.yarnpkg.com/@firebase/app/-/app-0.9.4.tgz#28eb5cd0406f92825afb32a53194d59c19cddb7b"
  integrity sha512-xX8I6pNqUxhxhaghy9fbjOWOP9ndx5UeN5F0V/PWD2u7xRg88YkzZrDocTAIU17y82UPZ1x1E5n15CsXGcxaOg==
  dependencies:
    "@firebase/component" "0.6.4"
    "@firebase/logger" "0.4.0"
    "@firebase/util" "1.9.3"
    idb "7.0.1"
    tslib "^2.1.0"

"@firebase/auth-interop-types@0.2.1":
  version "0.2.1"
  resolved "https://registry.yarnpkg.com/@firebase/auth-interop-types/-/auth-interop-types-0.2.1.tgz#78884f24fa539e34a06c03612c75f222fcc33742"
  integrity sha512-VOaGzKp65MY6P5FI84TfYKBXEPi6LmOCSMMzys6o2BN2LOsqy7pCuZCup7NYnfbk5OkkQKzvIfHOzTm0UDpkyg==

"@firebase/component@0.6.4":
  version "0.6.4"
  resolved "https://registry.yarnpkg.com/@firebase/component/-/component-0.6.4.tgz#8981a6818bd730a7554aa5e0516ffc9b1ae3f33d"
  integrity sha512-rLMyrXuO9jcAUCaQXCMjCMUsWrba5fzHlNK24xz5j2W6A/SRmK8mZJ/hn7V0fViLbxC0lPMtrK1eYzk6Fg03jA==
  dependencies:
    "@firebase/util" "1.9.3"
    tslib "^2.1.0"

"@firebase/database@^0.14.4":
  version "0.14.4"
  resolved "https://registry.yarnpkg.com/@firebase/database/-/database-0.14.4.tgz#9e7435a16a540ddfdeb5d99d45618e6ede179aa6"
  integrity sha512-+Ea/IKGwh42jwdjCyzTmeZeLM3oy1h0mFPsTy6OqCWzcu/KFqRAr5Tt1HRCOBlNOdbh84JPZC47WLU18n2VbxQ==
  dependencies:
    "@firebase/auth-interop-types" "0.2.1"
    "@firebase/component" "0.6.4"
    "@firebase/logger" "0.4.0"
    "@firebase/util" "1.9.3"
    faye-websocket "0.11.4"
    tslib "^2.1.0"

"@firebase/logger@0.4.0":
  version "0.4.0"
  resolved "https://registry.yarnpkg.com/@firebase/logger/-/logger-0.4.0.tgz#15ecc03c452525f9d47318ad9491b81d1810f113"
  integrity sha512-eRKSeykumZ5+cJPdxxJRgAC3G5NknY2GwEbKfymdnXtnT0Ucm4pspfR6GT4MUQEDuJwRVbVcSx85kgJulMoFFA==
  dependencies:
    tslib "^2.1.0"

"@firebase/util@1.9.3":
  version "1.9.3"
  resolved "https://registry.yarnpkg.com/@firebase/util/-/util-1.9.3.tgz#45458dd5cd02d90e55c656e84adf6f3decf4b7ed"
  integrity sha512-DY02CRhOZwpzO36fHpuVysz6JZrscPiBXD0fXp6qSrL9oNOx5KWICKdR95C0lSITzxp0TZosVyHqzatE8JbcjA==
  dependencies:
    tslib "^2.1.0"

faye-websocket@0.11.4:
  version "0.11.4"
  resolved "https://registry.yarnpkg.com/faye-websocket/-/faye-websocket-0.11.4.tgz#7f0d9275cfdd86a1c963dc8b65fcc451edcbb1da"
  integrity sha512-CzbClwlXAuiRQAlUyfqPgvPoNKTckTPGfwZV4ZdAhVcP2lh9KUxJg2b5GkE7XbjKQ3YJnQ9z6D9ntLAlB+tP8g==
  dependencies:
    websocket-driver ">=0.5.1"

http-parser-js@>=0.5.1:
  version "0.5.8"
  resolved "https://registry.yarnpkg.com/http-parser-js/-/http-parser-js-0.5.8.tgz#af23090d9ac4e24573de6f6aecc9d84a48bf20e3"
  integrity sha512-SGeBX54F94Wgu5RH3X5jsDtf4eHyRogWX1XGT3b4HuW3tQPM4AaBzoUji/4AAJNXCEOWZ5O0DgZmJw1947gD5Q==

idb@7.0.1:
  version "7.0.1"
  resolved "https://registry.yarnpkg.com/idb/-/idb-7.0.1.tgz#d2875b3a2f205d854ee307f6d196f246fea590a7"
  integrity sha512-UUxlE7vGWK5RfB/fDwEGgRf84DY/ieqNha6msMV99UsEMQhJ1RwbCd8AYBj3QMgnE3VZnfQvm4oKVCJTYlqIgg==

safe-buffer@>=5.1.0:
  version "5.2.1"
  resolved "https://registry.yarnpkg.com/safe-buffer/-/safe-buffer-5.2.1.tgz#1eaf9fa9bdb1fdd4ec75f58f9cdb4e6b7827eec6"
  integrity sha512-rp3So07KcdmmKbGvgaNxQSJr7bGVSVk5S9Eq1F+ppbRo70+YeaDxkw5Dd8NPN+GD6bjnYm2VuPuCXmpuYvmCXQ==

tslib@^2.1.0:
  version "2.5.0"
  resolved "https://registry.yarnpkg.com/tslib/-/tslib-2.5.0.tgz#42bfed86f5787aeb41d031866c8f402429e0fddf"
  integrity sha512-336iVw3rtn2BUK7ORdIAHTyxHGRIHVReokCR3XjbckJMK7ms8FysBfhLR8IXnAgy7T0PTPNBWKiH514FOW/WSg==

websocket-driver@>=0.5.1:
  version "0.7.4"
  resolved "https://registry.yarnpkg.com/websocket-driver/-/websocket-driver-0.7.4.tgz#89ad5295bbf64b480abcba31e4953aca706f5760"
  integrity sha512-b17KeDIQVjvb0ssuSDF2cYXSg2iztliJ4B9WdsuB6J952qCPKmnVq4DyW5motImXHDC1cBT/1UezrJVsKw5zjg==
  dependencies:
    http-parser-js ">=0.5.1"
    safe-buffer ">=5.1.0"
    websocket-extensions ">=0.1.1"

websocket-extensions@>=0.1.1:
  version "0.1.4"
  resolved "https://registry.yarnpkg.com/websocket-extensions/-/websocket-extensions-0.1.4.tgz#7f8473bc839dfd87608adb95d7eb075211578a42"
  integrity sha512-OqedPIGOfsDlo31UNwYbCFMSaO9m9G/0faIHj5/dZFDMFqPTcx6UwqyOy3COEaEOg/9VsGIpdqn62W5KhoKSpg==
